
Microsoft Visual Studio Solution File, Format Version 12.00
# Visual Studio Version 16
VisualStudioVersion = 16.0.32126.315
MinimumVisualStudioVersion = 10.0.40219.1
Project("{FAE04EC0-301F-11D3-BF4B-00C04F79EFBC}") = "AllCups3F", "AllCups3F\AllCups3F.csproj", "{AC376EDB-C8FA-4BE3-9DD6-FA0258C4E13E}"
EndProject
Global
	GlobalSection(SolutionConfigurationPlatforms) = preSolution
		Debug|Any CPU = Debug|Any CPU
		Release|Any CPU = Release|Any CPU
	EndGlobalSection
	GlobalSection(ProjectConfigurationPlatforms) = postSolution
		{AC376EDB-C8FA-4BE3-9DD6-FA0258C4E13E}.Debug|Any CPU.ActiveCfg = Debug|Any CPU
		{AC376EDB-C8FA-4BE3-9DD6-FA0258C4E13E}.Debug|Any CPU.Build.0 = Debug|Any CPU
		{AC376EDB-C8FA-4BE3-9DD6-FA0258C4E13E}.Release|Any CPU.ActiveCfg = Release|Any CPU
		{AC376EDB-C8FA-4BE3-9DD6-FA0258C4E13E}.Release|Any CPU.Build.0 = Release|Any CPU
	EndGlobalSection
	GlobalSection(SolutionProperties) = preSolution
		HideSolutionNode = FALSE
	EndGlobalSection
	GlobalSection(ExtensibilityGlobals) = postSolution
		SolutionGuid = {F16A6ECC-1657-4721-8C06-18EDE635F2FD}
	EndGlobalSection
EndGlobal
